
Microsoft Visual Studio Solution File, Format Version 12.00
# Visual Studio 2012
Project("{FAE04EC0-301F-11D3-BF4B-00C04F79EFBC}") = "Questionnaires.Web", "Questionnaires.Web\Questionnaires.Web.csproj", "{E2C96C78-CBBA-4F27-895F-D729F0B6D07F}"
EndProject
Project("{FAE04EC0-301F-11D3-BF4B-00C04F79EFBC}") = "Questionnaires.Tests", "Questionnaires.Tests\Questionnaires.Tests.csproj", "{A6D12E5B-A0D0-46DD-BE09-1DA7E4F62D93}"
EndProject
Global
	GlobalSection(SolutionConfigurationPlatforms) = preSolution
		Debug|Any CPU = Debug|Any CPU
		Release|Any CPU = Release|Any CPU
	EndGlobalSection
	GlobalSection(ProjectConfigurationPlatforms) = postSolution
		{E2C96C78-CBBA-4F27-895F-D729F0B6D07F}.Debug|Any CPU.ActiveCfg = Debug|Any CPU
		{E2C96C78-CBBA-4F27-895F-D729F0B6D07F}.Debug|Any CPU.Build.0 = Debug|Any CPU
		{E2C96C78-CBBA-4F27-895F-D729F0B6D07F}.Release|Any CPU.ActiveCfg = Release|Any CPU
		{E2C96C78-CBBA-4F27-895F-D729F0B6D07F}.Release|Any CPU.Build.0 = Release|Any CPU
		{A6D12E5B-A0D0-46DD-BE09-1DA7E4F62D93}.Debug|Any CPU.ActiveCfg = Debug|Any CPU
		{A6D12E5B-A0D0-46DD-BE09-1DA7E4F62D93}.Debug|Any CPU.Build.0 = Debug|Any CPU
		{A6D12E5B-A0D0-46DD-BE09-1DA7E4F62D93}.Release|Any CPU.ActiveCfg = Release|Any CPU
		{A6D12E5B-A0D0-46DD-BE09-1DA7E4F62D93}.Release|Any CPU.Build.0 = Release|Any CPU
	EndGlobalSection
	GlobalSection(SolutionProperties) = preSolution
		HideSolutionNode = FALSE
	EndGlobalSection
EndGlobal
